
Microsoft Visual Studio Solution File, Format Version 12.00
# Visual Studio Version 17
VisualStudioVersion = 17.12.35514.174
MinimumVisualStudioVersion = 10.0.40219.1
Project("{FAE04EC0-301F-11D3-BF4B-00C04F79EFBC}") = "VaccineApp.Core", "VaccineApp.Core\VaccineApp.Core.csproj", "{1794903D-C8D9-4CFF-A4DB-E8D5739E9ECC}"
EndProject
Project("{2150E333-8FDC-42A3-9474-1A3956D46DE8}") = "Solution Items", "Solution Items", "{3A69458C-7D24-4793-9B5F-01750C0FCCFB}"
	ProjectSection(SolutionItems) = preProject
		VaccineDB Exam Work.docx = VaccineDB Exam Work.docx
	EndProjectSection
EndProject
Project("{FAE04EC0-301F-11D3-BF4B-00C04F79EFBC}") = "VaccineApp.SoketPublisher", "VaccineApp.SoketPublisher\VaccineApp.SoketPublisher.csproj", "{61E2C5AD-2579-479C-8147-495037C48E06}"
EndProject
Project("{E24C65DC-7377-472B-9ABA-BC803B73C61A}") = "VaccineApp.Web", "VaccineApp.Web\", "{0D02EE26-7510-4923-8FC1-37E00B90D3B7}"
	ProjectSection(WebsiteProperties) = preProject
		TargetFrameworkMoniker = ".NETFramework,Version%3Dv4.0"
		Debug.AspNetCompiler.VirtualPath = "/localhost_61621"
		Debug.AspNetCompiler.PhysicalPath = "VaccineApp.Web\"
		Debug.AspNetCompiler.TargetPath = "PrecompiledWeb\localhost_61621\"
		Debug.AspNetCompiler.Updateable = "true"
		Debug.AspNetCompiler.ForceOverwrite = "true"
		Debug.AspNetCompiler.FixedNames = "false"
		Debug.AspNetCompiler.Debug = "True"
		Release.AspNetCompiler.VirtualPath = "/localhost_61621"
		Release.AspNetCompiler.PhysicalPath = "VaccineApp.Web\"
		Release.AspNetCompiler.TargetPath = "PrecompiledWeb\localhost_61621\"
		Release.AspNetCompiler.Updateable = "true"
		Release.AspNetCompiler.ForceOverwrite = "true"
		Release.AspNetCompiler.FixedNames = "false"
		Release.AspNetCompiler.Debug = "False"
		VWDPort = "61621"
		SlnRelativePath = "VaccineApp.Web\"
	EndProjectSection
EndProject
Project("{FAE04EC0-301F-11D3-BF4B-00C04F79EFBC}") = "VaccineApp.Business", "VaccineApp.Business\VaccineApp.Business.csproj", "{78A8A6D3-1BE5-491A-87F7-4138373A7F2C}"
EndProject
Project("{FAE04EC0-301F-11D3-BF4B-00C04F79EFBC}") = "VaccineApp.Data", "VaccineApp.Data\VaccineApp.Data.csproj", "{AC4A0528-F812-48B5-A300-79AB633E27FE}"
EndProject
Project("{FAE04EC0-301F-11D3-BF4B-00C04F79EFBC}") = "VaccineApp.RabbitMqConsumer", "VaccineApp.RabbitMqConsumer\VaccineApp.RabbitMqConsumer.csproj", "{93F497E9-3A84-4B99-B5FD-B95462926057}"
EndProject
Project("{FAE04EC0-301F-11D3-BF4B-00C04F79EFBC}") = "VaccineApp.SoketListener", "VaccineApp.SoketListener\VaccineApp.SoketListener.csproj", "{D9CB96F1-BF30-480B-B33B-AA707A7B4505}"
EndProject
Project("{FAE04EC0-301F-11D3-BF4B-00C04F79EFBC}") = "VaccineApp.ViewModel", "VaccineApp.ViewModel\VaccineApp.ViewModel.csproj", "{3C41E6B1-4C56-4C9F-B281-670E75456432}"
EndProject
Project("{FAE04EC0-301F-11D3-BF4B-00C04F79EFBC}") = "VaccineApp.WebAPI", "VaccineApp.WebAPI\VaccineApp.WebAPI.csproj", "{6010A2A0-6BC4-461B-B2BA-562599168B24}"
EndProject
Project("{FAE04EC0-301F-11D3-BF4B-00C04F79EFBC}") = "VaccineApp.OutboxPublisher", "VaccineApp.OutboxPublisher\VaccineApp.OutboxPublisher.csproj", "{FB2E4D0E-D77B-4C75-8FDA-EBC812B991CD}"
EndProject
Global
	GlobalSection(SolutionConfigurationPlatforms) = preSolution
		Debug|Any CPU = Debug|Any CPU
		Release|Any CPU = Release|Any CPU
	EndGlobalSection
	GlobalSection(ProjectConfigurationPlatforms) = postSolution
		{1794903D-C8D9-4CFF-A4DB-E8D5739E9ECC}.Debug|Any CPU.ActiveCfg = Debug|Any CPU
		{1794903D-C8D9-4CFF-A4DB-E8D5739E9ECC}.Debug|Any CPU.Build.0 = Debug|Any CPU
		{1794903D-C8D9-4CFF-A4DB-E8D5739E9ECC}.Release|Any CPU.ActiveCfg = Release|Any CPU
		{1794903D-C8D9-4CFF-A4DB-E8D5739E9ECC}.Release|Any CPU.Build.0 = Release|Any CPU
		{61E2C5AD-2579-479C-8147-495037C48E06}.Debug|Any CPU.ActiveCfg = Debug|Any CPU
		{61E2C5AD-2579-479C-8147-495037C48E06}.Debug|Any CPU.Build.0 = Debug|Any CPU
		{61E2C5AD-2579-479C-8147-495037C48E06}.Release|Any CPU.ActiveCfg = Release|Any CPU
		{61E2C5AD-2579-479C-8147-495037C48E06}.Release|Any CPU.Build.0 = Release|Any CPU
		{0D02EE26-7510-4923-8FC1-37E00B90D3B7}.Debug|Any CPU.ActiveCfg = Debug|Any CPU
		{0D02EE26-7510-4923-8FC1-37E00B90D3B7}.Debug|Any CPU.Build.0 = Debug|Any CPU
		{0D02EE26-7510-4923-8FC1-37E00B90D3B7}.Release|Any CPU.ActiveCfg = Debug|Any CPU
		{0D02EE26-7510-4923-8FC1-37E00B90D3B7}.Release|Any CPU.Build.0 = Debug|Any CPU
		{78A8A6D3-1BE5-491A-87F7-4138373A7F2C}.Debug|Any CPU.ActiveCfg = Debug|Any CPU
		{78A8A6D3-1BE5-491A-87F7-4138373A7F2C}.Debug|Any CPU.Build.0 = Debug|Any CPU
		{78A8A6D3-1BE5-491A-87F7-4138373A7F2C}.Release|Any CPU.ActiveCfg = Release|Any CPU
		{78A8A6D3-1BE5-491A-87F7-4138373A7F2C}.Release|Any CPU.Build.0 = Release|Any CPU
		{AC4A0528-F812-48B5-A300-79AB633E27FE}.Debug|Any CPU.ActiveCfg = Debug|Any CPU
		{AC4A0528-F812-48B5-A300-79AB633E27FE}.Debug|Any CPU.Build.0 = Debug|Any CPU
		{AC4A0528-F812-48B5-A300-79AB633E27FE}.Release|Any CPU.ActiveCfg = Release|Any CPU
		{AC4A0528-F812-48B5-A300-79AB633E27FE}.Release|Any CPU.Build.0 = Release|Any CPU
		{93F497E9-3A84-4B99-B5FD-B95462926057}.Debug|Any CPU.ActiveCfg = Debug|Any CPU
		{93F497E9-3A84-4B99-B5FD-B95462926057}.Debug|Any CPU.Build.0 = Debug|Any CPU
		{93F497E9-3A84-4B99-B5FD-B95462926057}.Release|Any CPU.ActiveCfg = Release|Any CPU
		{93F497E9-3A84-4B99-B5FD-B95462926057}.Release|Any CPU.Build.0 = Release|Any CPU
		{D9CB96F1-BF30-480B-B33B-AA707A7B4505}.Debug|Any CPU.ActiveCfg = Debug|Any CPU
		{D9CB96F1-BF30-480B-B33B-AA707A7B4505}.Debug|Any CPU.Build.0 = Debug|Any CPU
		{D9CB96F1-BF30-480B-B33B-AA707A7B4505}.Release|Any CPU.ActiveCfg = Release|Any CPU
		{D9CB96F1-BF30-480B-B33B-AA707A7B4505}.Release|Any CPU.Build.0 = Release|Any CPU
		{3C41E6B1-4C56-4C9F-B281-670E75456432}.Debug|Any CPU.ActiveCfg = Debug|Any CPU
		{3C41E6B1-4C56-4C9F-B281-670E75456432}.Debug|Any CPU.Build.0 = Debug|Any CPU
		{3C41E6B1-4C56-4C9F-B281-670E75456432}.Release|Any CPU.ActiveCfg = Release|Any CPU
		{3C41E6B1-4C56-4C9F-B281-670E75456432}.Release|Any CPU.Build.0 = Release|Any CPU
		{6010A2A0-6BC4-461B-B2BA-562599168B24}.Debug|Any CPU.ActiveCfg = Debug|Any CPU
		{6010A2A0-6BC4-461B-B2BA-562599168B24}.Debug|Any CPU.Build.0 = Debug|Any CPU
		{6010A2A0-6BC4-461B-B2BA-562599168B24}.Release|Any CPU.ActiveCfg = Release|Any CPU
		{6010A2A0-6BC4-461B-B2BA-562599168B24}.Release|Any CPU.Build.0 = Release|Any CPU
		{FB2E4D0E-D77B-4C75-8FDA-EBC812B991CD}.Debug|Any CPU.ActiveCfg = Debug|Any CPU
		{FB2E4D0E-D77B-4C75-8FDA-EBC812B991CD}.Debug|Any CPU.Build.0 = Debug|Any CPU
		{FB2E4D0E-D77B-4C75-8FDA-EBC812B991CD}.Release|Any CPU.ActiveCfg = Release|Any CPU
		{FB2E4D0E-D77B-4C75-8FDA-EBC812B991CD}.Release|Any CPU.Build.0 = Release|Any CPU
	EndGlobalSection
	GlobalSection(SolutionProperties) = preSolution
		HideSolutionNode = FALSE
	EndGlobalSection
EndGlobal
